
Microsoft Visual Studio Solution File, Format Version 12.00
# Visual Studio 15
VisualStudioVersion = 15.0.27130.2026
MinimumVisualStudioVersion = 10.0.40219.1
Project("{FAE04EC0-301F-11D3-BF4B-00C04F79EFBC}") = "4_2", "4_2.csproj", "{866F31F0-6BC4-4D15-92FF-AE3B0FAAE4DC}"
EndProject
Global
	GlobalSection(SolutionConfigurationPlatforms) = preSolution
		Debug|Any CPU = Debug|Any CPU
		Release|Any CPU = Release|Any CPU
	EndGlobalSection
	GlobalSection(ProjectConfigurationPlatforms) = postSolution
		{866F31F0-6BC4-4D15-92FF-AE3B0FAAE4DC}.Debug|Any CPU.ActiveCfg = Debug|Any CPU
		{866F31F0-6BC4-4D15-92FF-AE3B0FAAE4DC}.Debug|Any CPU.Build.0 = Debug|Any CPU
		{866F31F0-6BC4-4D15-92FF-AE3B0FAAE4DC}.Release|Any CPU.ActiveCfg = Release|Any CPU
		{866F31F0-6BC4-4D15-92FF-AE3B0FAAE4DC}.Release|Any CPU.Build.0 = Release|Any CPU
	EndGlobalSection
	GlobalSection(SolutionProperties) = preSolution
		HideSolutionNode = FALSE
	EndGlobalSection
	GlobalSection(ExtensibilityGlobals) = postSolution
		SolutionGuid = {96E9EEC6-35EE-4C73-A1A3-BDDF8E2DC10C}
	EndGlobalSection
EndGlobal
